<?xml version="1.0" encoding="utf-8"?>
<Project ToolsVersion="4.0" xmlns="http://schemas.microsoft.com/developer/msbuild/2003">
  <ItemGroup>
    <Filter Include="소스 파일">
      <UniqueIdentifier>{4FC737F1-C7A5-4376-A066-2A32D752A2FF}</UniqueIdentifier>
      <Extensions>cpp;c;cc;cxx;c++;cppm;ixx;def;odl;idl;hpj;bat;asm;asmx</Extensions>
    </Filter>
    <Filter Include="헤더 파일">
      <UniqueIdentifier>{93995380-89BD-4b04-88EB-625FBE52EBFB}</UniqueIdentifier>
      <Extensions>h;hh;hpp;hxx;h++;hm;inl;inc;ipp;xsd</Extensions>
    </Filter>
    <Filter Include="리소스 파일">
      <UniqueIdentifier>{67DA6AB6-F800-4c08-8B7A-83BB121AAD01}</UniqueIdentifier>
      <Extensions>rc;ico;cur;bmp;dlg;rc2;rct;bin;rgs;gif;jpg;jpeg;jpe;resx;tiff;tif;png;wav;mfcribbon-ms</Extensions>
    </Filter>
  </ItemGroup>
  <ItemGroup>
    <ClCompile Include="ch1%28DataType%29\real_type.cpp">
      <Filter>소스 파일</Filter>
    </ClCompile>
    <ClCompile Include="ch1%28DataType%29\Type_byte.cpp">
      <Filter>소스 파일</Filter>
    </ClCompile>
    <ClCompile Include="ch1(DataType)\integer_type.cpp">
      <Filter>소스 파일</Filter>
    </ClCompile>
    <ClCompile Include="ch1(DataType)\character.cpp">
      <Filter>소스 파일</Filter>
    </ClCompile>
    <ClCompile Include="ch2(stdio)\char_IO.cpp">
      <Filter>소스 파일</Filter>
    </ClCompile>
    <ClCompile Include="ch2(stdio)\chars_IO.cpp">
      <Filter>소스 파일</Filter>
    </ClCompile>
    <ClCompile Include="ch2(stdio)\summary.cpp">
      <Filter>소스 파일</Filter>
    </ClCompile>
    <ClCompile Include="ch2(stdio)\charint01.cpp">
      <Filter>소스 파일</Filter>
    </ClCompile>
    <ClCompile Include="ch2(stdio)\intover01.cpp">
      <Filter>소스 파일</Filter>
    </ClCompile>
    <ClCompile Include="ch2(stdio)\longlongint01.cpp">
      <Filter>소스 파일</Filter>
    </ClCompile>
    <ClCompile Include="ch2%28stdio%29\format01.cpp">
      <Filter>소스 파일</Filter>
    </ClCompile>
    <ClCompile Include="ch2(stdio)\floatprint01.cpp">
      <Filter>소스 파일</Filter>
    </ClCompile>
    <ClCompile Include="ch2(stdio)\floatacc01.cpp">
      <Filter>소스 파일</Filter>
    </ClCompile>
  </ItemGroup>
  <ItemGroup>
    <None Include="README.md" />
  </ItemGroup>
</Project>